// !$*UTF8*$!
{
	archiveVersion = 1;
	classes = {
	};
	objectVersion = 50;
	objects = {

/* Begin PBXBuildFile section */
		C7FCD65E21C35A4C00020FB4 /* AppDelegate.swift in Sources */ = {isa = PBXBuildFile; fileRef = C7FCD65D21C35A4C00020FB4 /* AppDelegate.swift */; };
		C7FCD66021C35A4C00020FB4 /* ViewController.swift in Sources */ = {isa = PBXBuildFile; fileRef = C7FCD65F21C35A4C00020FB4 /* ViewController.swift */; };
		C7FCD66321C35A4C00020FB4 /* Main.storyboard in Resources */ = {isa = PBXBuildFile; fileRef = C7FCD66121C35A4C00020FB4 /* Main.storyboard */; };
		C7FCD66521C35A4E00020FB4 /* Assets.xcassets in Resources */ = {isa = PBXBuildFile; fileRef = C7FCD66421C35A4E00020FB4 /* Assets.xcassets */; };
		C7FCD66821C35A4E00020FB4 /* LaunchScreen.storyboard in Resources */ = {isa = PBXBuildFile; fileRef = C7FCD66621C35A4E00020FB4 /* LaunchScreen.storyboard */; };
		C7FCD68C21C35B1E00020FB4 /* athletics.gif in Resources */ = {isa = PBXBuildFile; fileRef = C7FCD68321C35B1E00020FB4 /* athletics.gif */; };
		C7FCD68D21C35B1E00020FB4 /* archery.gif in Resources */ = {isa = PBXBuildFile; fileRef = C7FCD68421C35B1E00020FB4 /* archery.gif */; };
		C7FCD68E21C35B1E00020FB4 /* boxing.gif in Resources */ = {isa = PBXBuildFile; fileRef = C7FCD68521C35B1E00020FB4 /* boxing.gif */; };
		C7FCD68F21C35B1E00020FB4 /* events.plist in Resources */ = {isa = PBXBuildFile; fileRef = C7FCD68621C35B1E00020FB4 /* events.plist */; };
		C7FCD69021C35B1E00020FB4 /* basketball.gif in Resources */ = {isa = PBXBuildFile; fileRef = C7FCD68721C35B1E00020FB4 /* basketball.gif */; };
		C7FCD69121C35B1E00020FB4 /* canoe-sprint.gif in Resources */ = {isa = PBXBuildFile; fileRef = C7FCD68821C35B1E00020FB4 /* canoe-sprint.gif */; };
		C7FCD69221C35B1E00020FB4 /* beach-volleyball.gif in Resources */ = {isa = PBXBuildFile; fileRef = C7FCD68921C35B1E00020FB4 /* beach-volleyball.gif */; };
		C7FCD69321C35B1E00020FB4 /* badminton.gif in Resources */ = {isa = PBXBuildFile; fileRef = C7FCD68A21C35B1E00020FB4 /* badminton.gif */; };
		C7FCD69421C35B1E00020FB4 /* canoe-slalom.gif in Resources */ = {isa = PBXBuildFile; fileRef = C7FCD68B21C35B1E00020FB4 /* canoe-slalom.gif */; };
		C7FCD69621C35E0C00020FB4 /* EventCollectionViewCell.swift in Sources */ = {isa = PBXBuildFile; fileRef = C7FCD69521C35E0C00020FB4 /* EventCollectionViewCell.swift */; };
/* End PBXBuildFile section */

/* Begin PBXFileReference section */
		C7FCD65A21C35A4C00020FB4 /* SCollectionView.app */ = {isa = PBXFileReference; explicitFileType = wrapper.application; includeInIndex = 0; path = SCollectionView.app; sourceTree = BUILT_PRODUCTS_DIR; };
		C7FCD65D21C35A4C00020FB4 /* AppDelegate.swift */ = {isa = PBXFileReference; lastKnownFileType = sourcecode.swift; path = AppDelegate.swift; sourceTree = "<group>"; };
		C7FCD65F21C35A4C00020FB4 /* ViewController.swift */ = {isa = PBXFileReference; lastKnownFileType = sourcecode.swift; path = ViewController.swift; sourceTree = "<group>"; };
		C7FCD66221C35A4C00020FB4 /* Base */ = {isa = PBXFileReference; lastKnownFileType = file.storyboard; name = Base; path = Base.lproj/Main.storyboard; sourceTree = "<group>"; };
		C7FCD66421C35A4E00020FB4 /* Assets.xcassets */ = {isa = PBXFileReference; lastKnownFileType = folder.assetcatalog; path = Assets.xcassets; sourceTree = "<group>"; };
		C7FCD66721C35A4E00020FB4 /* Base */ = {isa = PBXFileReference; lastKnownFileType = file.storyboard; name = Base; path = Base.lproj/LaunchScreen.storyboard; sourceTree = "<group>"; };
		C7FCD66921C35A4E00020FB4 /* Info.plist */ = {isa = PBXFileReference; lastKnownFileType = text.plist.xml; path = Info.plist; sourceTree = "<group>"; };
		C7FCD68321C35B1E00020FB4 /* athletics.gif */ = {isa = PBXFileReference; lastKnownFileType = image.gif; path = athletics.gif; sourceTree = "<group>"; };
		C7FCD68421C35B1E00020FB4 /* archery.gif */ = {isa = PBXFileReference; lastKnownFileType = image.gif; path = archery.gif; sourceTree = "<group>"; };
		C7FCD68521C35B1E00020FB4 /* boxing.gif */ = {isa = PBXFileReference; lastKnownFileType = image.gif; path = boxing.gif; sourceTree = "<group>"; };
		C7FCD68621C35B1E00020FB4 /* events.plist */ = {isa = PBXFileReference; fileEncoding = 4; lastKnownFileType = text.plist.xml; path = events.plist; sourceTree = "<group>"; };
		C7FCD68721C35B1E00020FB4 /* basketball.gif */ = {isa = PBXFileReference; lastKnownFileType = image.gif; path = basketball.gif; sourceTree = "<group>"; };
		C7FCD68821C35B1E00020FB4 /* canoe-sprint.gif */ = {isa = PBXFileReference; lastKnownFileType = image.gif; path = "canoe-sprint.gif"; sourceTree = "<group>"; };
		C7FCD68921C35B1E00020FB4 /* beach-volleyball.gif */ = {isa = PBXFileReference; lastKnownFileType = image.gif; path = "beach-volleyball.gif"; sourceTree = "<group>"; };
		C7FCD68A21C35B1E00020FB4 /* badminton.gif */ = {isa = PBXFileReference; lastKnownFileType = image.gif; path = badminton.gif; sourceTree = "<group>"; };
		C7FCD68B21C35B1E00020FB4 /* canoe-slalom.gif */ = {isa = PBXFileReference; lastKnownFileType = image.gif; path = "canoe-slalom.gif"; sourceTree = "<group>"; };
		C7FCD69521C35E0C00020FB4 /* EventCollectionViewCell.swift */ = {isa = PBXFileReference; lastKnownFileType = sourcecode.swift; path = EventCollectionViewCell.swift; sourceTree = "<group>"; };
/* End PBXFileReference section */

/* Begin PBXFrameworksBuildPhase section */
		C7FCD65721C35A4C00020FB4 /* Frameworks */ = {
			isa = PBXFrameworksBuildPhase;
			buildActionMask = 2147483647;
			files = (
			);
			runOnlyForDeploymentPostprocessing = 0;
		};
/* End PBXFrameworksBuildPhase section */

/* Begin PBXGroup section */
		C7FCD65121C35A4C00020FB4 = {
			isa = PBXGroup;
			children = (
				C7FCD65C21C35A4C00020FB4 /* SCollectionView */,
				C7FCD65B21C35A4C00020FB4 /* Products */,
			);
			sourceTree = "<group>";
		};
		C7FCD65B21C35A4C00020FB4 /* Products */ = {
			isa = PBXGroup;
			children = (
				C7FCD65A21C35A4C00020FB4 /* SCollectionView.app */,
			);
			name = Products;
			sourceTree = "<group>";
		};
		C7FCD65C21C35A4C00020FB4 /* SCollectionView */ = {
			isa = PBXGroup;
			children = (
				C7FCD68221C35B1E00020FB4 /* Olympics_Pic */,
				C7FCD65D21C35A4C00020FB4 /* AppDelegate.swift */,
				C7FCD65F21C35A4C00020FB4 /* ViewController.swift */,
				C7FCD66121C35A4C00020FB4 /* Main.storyboard */,
				C7FCD66421C35A4E00020FB4 /* Assets.xcassets */,
				C7FCD66621C35A4E00020FB4 /* LaunchScreen.storyboard */,
				C7FCD66921C35A4E00020FB4 /* Info.plist */,
				C7FCD69521C35E0C00020FB4 /* EventCollectionViewCell.swift */,
			);
			path = SCollectionView;
			sourceTree = "<group>";
		};
		C7FCD68221C35B1E00020FB4 /* Olympics_Pic */ = {
			isa = PBXGroup;
			children = (
				C7FCD68321C35B1E00020FB4 /* athletics.gif */,
				C7FCD68421C35B1E00020FB4 /* archery.gif */,
				C7FCD68521C35B1E00020FB4 /* boxing.gif */,
				C7FCD68621C35B1E00020FB4 /* events.plist */,
				C7FCD68721C35B1E00020FB4 /* basketball.gif */,
				C7FCD68821C35B1E00020FB4 /* canoe-sprint.gif */,
				C7FCD68921C35B1E00020FB4 /* beach-volleyball.gif */,
				C7FCD68A21C35B1E00020FB4 /* badminton.gif */,
				C7FCD68B21C35B1E00020FB4 /* canoe-slalom.gif */,
			);
			path = Olympics_Pic;
			sourceTree = "<group>";
		};
/* End PBXGroup section */

/* Begin PBXNativeTarget section */
		C7FCD65921C35A4C00020FB4 /* SCollectionView */ = {
			isa = PBXNativeTarget;
			buildConfigurationList = C7FCD66C21C35A4E00020FB4 /* Build configuration list for PBXNativeTarget "SCollectionView" */;
			buildPhases = (
				C7FCD65621C35A4C00020FB4 /* Sources */,
				C7FCD65721C35A4C00020FB4 /* Frameworks */,
				C7FCD65821C35A4C00020FB4 /* Resources */,
			);
			buildRules = (
			);
			dependencies = (
			);
			name = SCollectionView;
			productName = SCollectionView;
			productReference = C7FCD65A21C35A4C00020FB4 /* SCollectionView.app */;
			productType = "com.apple.product-type.application";
		};
/* End PBXNativeTarget section */

/* Begin PBXProject section */
		C7FCD65221C35A4C00020FB4 /* Project object */ = {
			isa = PBXProject;
			attributes = {
				LastSwiftUpdateCheck = 1010;
				LastUpgradeCheck = 1010;
				ORGANIZATIONNAME = MyZiyue.com;
				TargetAttributes = {
					C7FCD65921C35A4C00020FB4 = {
						CreatedOnToolsVersion = 10.1;
					};
				};
			};
			buildConfigurationList = C7FCD65521C35A4C00020FB4 /* Build configuration list for PBXProject "SCollectionView" */;
			compatibilityVersion = "Xcode 9.3";
			developmentRegion = en;
			hasScannedForEncodings = 0;
			knownRegions = (
				en,
				Base,
			);
			mainGroup = C7FCD65121C35A4C00020FB4;
			productRefGroup = C7FCD65B21C35A4C00020FB4 /* Products */;
			projectDirPath = "";
			projectRoot = "";
			targets = (
				C7FCD65921C35A4C00020FB4 /* SCollectionView */,
			);
		};
/* End PBXProject section */

/* Begin PBXResourcesBuildPhase section */
		C7FCD65821C35A4C00020FB4 /* Resources */ = {
			isa = PBXResourcesBuildPhase;
			buildActionMask = 2147483647;
			files = (
				C7FCD66821C35A4E00020FB4 /* LaunchScreen.storyboard in Resources */,
				C7FCD69321C35B1E00020FB4 /* badminton.gif in Resources */,
				C7FCD66521C35A4E00020FB4 /* Assets.xcassets in Resources */,
				C7FCD69421C35B1E00020FB4 /* canoe-slalom.gif in Resources */,
				C7FCD68C21C35B1E00020FB4 /* athletics.gif in Resources */,
				C7FCD66321C35A4C00020FB4 /* Main.storyboard in Resources */,
				C7FCD69221C35B1E00020FB4 /* beach-volleyball.gif in Resources */,
				C7FCD68D21C35B1E00020FB4 /* archery.gif in Resources */,
				C7FCD68E21C35B1E00020FB4 /* boxing.gif in Resources */,
				C7FCD68F21C35B1E00020FB4 /* events.plist in Resources */,
				C7FCD69121C35B1E00020FB4 /* canoe-sprint.gif in Resources */,
				C7FCD69021C35B1E00020FB4 /* basketball.gif in Resources */,
			);
			runOnlyForDeploymentPostprocessing = 0;
		};
/* End PBXResourcesBuildPhase section */

/* Begin PBXSourcesBuildPhase section */
		C7FCD65621C35A4C00020FB4 /* Sources */ = {
			isa = PBXSourcesBuildPhase;
			buildActionMask = 2147483647;
			files = (
				C7FCD66021C35A4C00020FB4 /* ViewController.swift in Sources */,
				C7FCD69621C35E0C00020FB4 /* EventCollectionViewCell.swift in Sources */,
				C7FCD65E21C35A4C00020FB4 /* AppDelegate.swift in Sources */,
			);
			runOnlyForDeploymentPostprocessing = 0;
		};
/* End PBXSourcesBuildPhase section */

/* Begin PBXVariantGroup section */
		C7FCD66121C35A4C00020FB4 /* Main.storyboard */ = {
			isa = PBXVariantGroup;
			children = (
				C7FCD66221C35A4C00020FB4 /* Base */,
			);
			name = Main.storyboard;
			sourceTree = "<group>";
		};
		C7FCD66621C35A4E00020FB4 /* LaunchScreen.storyboard */ = {
			isa = PBXVariantGroup;
			children = (
				C7FCD66721C35A4E00020FB4 /* Base */,
			);
			name = LaunchScreen.storyboard;
			sourceTree = "<group>";
		};
/* End PBXVariantGroup section */

/* Begin XCBuildConfiguration section */
		C7FCD66A21C35A4E00020FB4 /* Debug */ = {
			isa = XCBuildConfiguration;
			buildSettings = {
				ALWAYS_SEARCH_USER_PATHS = NO;
				CLANG_ANALYZER_NONNULL = YES;
				CLANG_ANALYZER_NUMBER_OBJECT_CONVERSION = YES_AGGRESSIVE;
				CLANG_CXX_LANGUAGE_STANDARD = "gnu++14";
				CLANG_CXX_LIBRARY = "libc++";
				CLANG_ENABLE_MODULES = YES;
				CLANG_ENABLE_OBJC_ARC = YES;
				CLANG_ENABLE_OBJC_WEAK = YES;
				CLANG_WARN_BLOCK_CAPTURE_AUTORELEASING = YES;
				CLANG_WARN_BOOL_CONVERSION = YES;
				CLANG_WARN_COMMA = YES;
				CLANG_WARN_CONSTANT_CONVERSION = YES;
				CLANG_WARN_DEPRECATED_OBJC_IMPLEMENTATIONS = YES;
				CLANG_WARN_DIRECT_OBJC_ISA_USAGE = YES_ERROR;
				CLANG_WARN_DOCUMENTATION_COMMENTS = YES;
				CLANG_WARN_EMPTY_BODY = YES;
				CLANG_WARN_ENUM_CONVERSION = YES;
				CLANG_WARN_INFINITE_RECURSION = YES;
				CLANG_WARN_INT_CONVERSION = YES;
				CLANG_WARN_NON_LITERAL_NULL_CONVERSION = YES;
				CLANG_WARN_OBJC_IMPLICIT_RETAIN_SELF = YES;
				CLANG_WARN_OBJC_LITERAL_CONVERSION = YES;
				CLANG_WARN_OBJC_ROOT_CLASS = YES_ERROR;
				CLANG_WARN_RANGE_LOOP_ANALYSIS = YES;
				CLANG_WARN_STRICT_PROTOTYPES = YES;
				CLANG_WARN_SUSPICIOUS_MOVE = YES;
				CLANG_WARN_UNGUARDED_AVAILABILITY = YES_AGGRESSIVE;
				CLANG_WARN_UNREACHABLE_CODE = YES;
				CLANG_WARN__DUPLICATE_METHOD_MATCH = YES;
				CODE_SIGN_IDENTITY = "iPhone Developer";
				COPY_PHASE_STRIP = NO;
				DEBUG_INFORMATION_FORMAT = dwarf;
				ENABLE_STRICT_OBJC_MSGSEND = YES;
				ENABLE_TESTABILITY = YES;
				GCC_C_LANGUAGE_STANDARD = gnu11;
				GCC_DYNAMIC_NO_PIC = NO;
				GCC_NO_COMMON_BLOCKS = YES;
				GCC_OPTIMIZATION_LEVEL = 0;
				GCC_PREPROCESSOR_DEFINITIONS = (
					"DEBUG=1",
					"$(inherited)",
				);
				GCC_WARN_64_TO_32_BIT_CONVERSION = YES;
				GCC_WARN_ABOUT_RETURN_TYPE = YES_ERROR;
				GCC_WARN_UNDECLARED_SELECTOR = YES;
				GCC_WARN_UNINITIALIZED_AUTOS = YES_AGGRESSIVE;
				GCC_WARN_UNUSED_FUNCTION = YES;
				GCC_WARN_UNUSED_VARIABLE = YES;
				IPHONEOS_DEPLOYMENT_TARGET = 12.1;
				MTL_ENABLE_DEBUG_INFO = INCLUDE_SOURCE;
				MTL_FAST_MATH = YES;
				ONLY_ACTIVE_ARCH = YES;
				SDKROOT = iphoneos;
				SWIFT_ACTIVE_COMPILATION_CONDITIONS = DEBUG;
				SWIFT_OPTIMIZATION_LEVEL = "-Onone";
			};
			name = Debug;
		};
		C7FCD66B21C35A4E00020FB4 /* Release */ = {
			isa = XCBuildConfiguration;
			buildSettings = {
				ALWAYS_SEARCH_USER_PATHS = NO;
				CLANG_ANALYZER_NONNULL = YES;
				CLANG_ANALYZER_NUMBER_OBJECT_CONVERSION = YES_AGGRESSIVE;
				CLANG_CXX_LANGUAGE_STANDARD = "gnu++14";
				CLANG_CXX_LIBRARY = "libc++";
				CLANG_ENABLE_MODULES = YES;
				CLANG_ENABLE_OBJC_ARC = YES;
				CLANG_ENABLE_OBJC_WEAK = YES;
				CLANG_WARN_BLOCK_CAPTURE_AUTORELEASING = YES;
				CLANG_WARN_BOOL_CONVERSION = YES;
				CLANG_WARN_COMMA = YES;
				CLANG_WARN_CONSTANT_CONVERSION = YES;
				CLANG_WARN_DEPRECATED_OBJC_IMPLEMENTATIONS = YES;
				CLANG_WARN_DIRECT_OBJC_ISA_USAGE = YES_ERROR;
				CLANG_WARN_DOCUMENTATION_COMMENTS = YES;
				CLANG_WARN_EMPTY_BODY = YES;
				CLANG_WARN_ENUM_CONVERSION = YES;
				CLANG_WARN_INFINITE_RECURSION = YES;
				CLANG_WARN_INT_CONVERSION = YES;
				CLANG_WARN_NON_LITERAL_NULL_CONVERSION = YES;
				CLANG_WARN_OBJC_IMPLICIT_RETAIN_SELF = YES;
				CLANG_WARN_OBJC_LITERAL_CONVERSION = YES;
				CLANG_WARN_OBJC_ROOT_CLASS = YES_ERROR;
				CLANG_WARN_RANGE_LOOP_ANALYSIS = YES;
				CLANG_WARN_STRICT_PROTOTYPES = YES;
				CLANG_WARN_SUSPICIOUS_MOVE = YES;
				CLANG_WARN_UNGUARDED_AVAILABILITY = YES_AGGRESSIVE;
				CLANG_WARN_UNREACHABLE_CODE = YES;
				CLANG_WARN__DUPLICATE_METHOD_MATCH = YES;
				CODE_SIGN_IDENTITY = "iPhone Developer";
				COPY_PHASE_STRIP = NO;
				DEBUG_INFORMATION_FORMAT = "dwarf-with-dsym";
				ENABLE_NS_ASSERTIONS = NO;
				ENABLE_STRICT_OBJC_MSGSEND = YES;
				GCC_C_LANGUAGE_STANDARD = gnu11;
				GCC_NO_COMMON_BLOCKS = YES;
				GCC_WARN_64_TO_32_BIT_CONVERSION = YES;
				GCC_WARN_ABOUT_RETURN_TYPE = YES_ERROR;
				GCC_WARN_UNDECLARED_SELECTOR = YES;
				GCC_WARN_UNINITIALIZED_AUTOS = YES_AGGRESSIVE;
				GCC_WARN_UNUSED_FUNCTION = YES;
				GCC_WARN_UNUSED_VARIABLE = YES;
				IPHONEOS_DEPLOYMENT_TARGET = 12.1;
				MTL_ENABLE_DEBUG_INFO = NO;
				MTL_FAST_MATH = YES;
				SDKROOT = iphoneos;
				SWIFT_COMPILATION_MODE = wholemodule;
				SWIFT_OPTIMIZATION_LEVEL = "-O";
				VALIDATE_PRODUCT = YES;
			};
			name = Release;
		};
		C7FCD66D21C35A4E00020FB4 /* Debug */ = {
			isa = XCBuildConfiguration;
			buildSettings = {
				ASSETCATALOG_COMPILER_APPICON_NAME = AppIcon;
				CODE_SIGN_STYLE = Automatic;
				DEVELOPMENT_TEAM = 64YUBMYSTC;
				INFOPLIST_FILE = SCollectionView/Info.plist;
				LD_RUNPATH_SEARCH_PATHS = (
					"$(inherited)",
					"@executable_path/Frameworks",
				);
				PRODUCT_BUNDLE_IDENTIFIER = com.myziyue.SCollectionView;
				PRODUCT_NAME = "$(TARGET_NAME)";
				SWIFT_VERSION = 4.2;
				TARGETED_DEVICE_FAMILY = "1,2";
			};
			name = Debug;
		};
		C7FCD66E21C35A4E00020FB4 /* Release */ = {
			isa = XCBuildConfiguration;
			buildSettings = {
				ASSETCATALOG_COMPILER_APPICON_NAME = AppIcon;
				CODE_SIGN_STYLE = Automatic;
				DEVELOPMENT_TEAM = 64YUBMYSTC;
				INFOPLIST_FILE = SCollectionView/Info.plist;
				LD_RUNPATH_SEARCH_PATHS = (
					"$(inherited)",
					"@executable_path/Frameworks",
				);
				PRODUCT_BUNDLE_IDENTIFIER = com.myziyue.SCollectionView;
				PRODUCT_NAME = "$(TARGET_NAME)";
				SWIFT_VERSION = 4.2;
				TARGETED_DEVICE_FAMILY = "1,2";
			};
			name = Release;
		};
/* End XCBuildConfiguration section */

/* Begin XCConfigurationList section */
		C7FCD65521C35A4C00020FB4 /* Build configuration list for PBXProject "SCollectionView" */ = {
			isa = XCConfigurationList;
			buildConfigurations = (
				C7FCD66A21C35A4E00020FB4 /* Debug */,
				C7FCD66B21C35A4E00020FB4 /* Release */,
			);
			defaultConfigurationIsVisible = 0;
			defaultConfigurationName = Release;
		};
		C7FCD66C21C35A4E00020FB4 /* Build configuration list for PBXNativeTarget "SCollectionView" */ = {
			isa = XCConfigurationList;
			buildConfigurations = (
				C7FCD66D21C35A4E00020FB4 /* Debug */,
				C7FCD66E21C35A4E00020FB4 /* Release */,
			);
			defaultConfigurationIsVisible = 0;
			defaultConfigurationName = Release;
		};
/* End XCConfigurationList section */
	};
	rootObject = C7FCD65221C35A4C00020FB4 /* Project object */;
}
