// !$*UTF8*$!
{
	archiveVersion = 1;
	classes = {
	};
	objectVersion = 50;
	objects = {

/* Begin PBXBuildFile section */
		C71D911321D374FF00EC174D /* AppDelegate.swift in Sources */ = {isa = PBXBuildFile; fileRef = C71D911221D374FF00EC174D /* AppDelegate.swift */; };
		C71D911521D374FF00EC174D /* ViewController.swift in Sources */ = {isa = PBXBuildFile; fileRef = C71D911421D374FF00EC174D /* ViewController.swift */; };
		C71D911821D374FF00EC174D /* Main.storyboard in Resources */ = {isa = PBXBuildFile; fileRef = C71D911621D374FF00EC174D /* Main.storyboard */; };
		C71D911A21D3750000EC174D /* Assets.xcassets in Resources */ = {isa = PBXBuildFile; fileRef = C71D911921D3750000EC174D /* Assets.xcassets */; };
		C71D911D21D3750000EC174D /* LaunchScreen.storyboard in Resources */ = {isa = PBXBuildFile; fileRef = C71D911B21D3750000EC174D /* LaunchScreen.storyboard */; };
		C71D918621D3759300EC174D /* Chile.png in Resources */ = {isa = PBXBuildFile; fileRef = C71D916621D3759300EC174D /* Chile.png */; };
		C71D918721D3759300EC174D /* Japan.png in Resources */ = {isa = PBXBuildFile; fileRef = C71D916721D3759300EC174D /* Japan.png */; };
		C71D918821D3759300EC174D /* Brazil.png in Resources */ = {isa = PBXBuildFile; fileRef = C71D916821D3759300EC174D /* Brazil.png */; };
		C71D918921D3759300EC174D /* Denmark.png in Resources */ = {isa = PBXBuildFile; fileRef = C71D916921D3759300EC174D /* Denmark.png */; };
		C71D918A21D3759300EC174D /* NewZealand.png in Resources */ = {isa = PBXBuildFile; fileRef = C71D916A21D3759300EC174D /* NewZealand.png */; };
		C71D918B21D3759300EC174D /* Greece.png in Resources */ = {isa = PBXBuildFile; fileRef = C71D916B21D3759300EC174D /* Greece.png */; };
		C71D918C21D3759300EC174D /* Cameroon.png in Resources */ = {isa = PBXBuildFile; fileRef = C71D916C21D3759300EC174D /* Cameroon.png */; };
		C71D918D21D3759300EC174D /* Uruguay.png in Resources */ = {isa = PBXBuildFile; fileRef = C71D916D21D3759300EC174D /* Uruguay.png */; };
		C71D918E21D3759300EC174D /* SouthKorea.png in Resources */ = {isa = PBXBuildFile; fileRef = C71D916E21D3759300EC174D /* SouthKorea.png */; };
		C71D918F21D3759300EC174D /* Italy.png in Resources */ = {isa = PBXBuildFile; fileRef = C71D916F21D3759300EC174D /* Italy.png */; };
		C71D919021D3759300EC174D /* CoteDIvoire.png in Resources */ = {isa = PBXBuildFile; fileRef = C71D917021D3759300EC174D /* CoteDIvoire.png */; };
		C71D919121D3759300EC174D /* Germany.png in Resources */ = {isa = PBXBuildFile; fileRef = C71D917121D3759300EC174D /* Germany.png */; };
		C71D919221D3759300EC174D /* Spain.png in Resources */ = {isa = PBXBuildFile; fileRef = C71D917221D3759300EC174D /* Spain.png */; };
		C71D919321D3759300EC174D /* Honduras.png in Resources */ = {isa = PBXBuildFile; fileRef = C71D917321D3759300EC174D /* Honduras.png */; };
		C71D919421D3759300EC174D /* Switzerland.png in Resources */ = {isa = PBXBuildFile; fileRef = C71D917421D3759300EC174D /* Switzerland.png */; };
		C71D919521D3759300EC174D /* England.png in Resources */ = {isa = PBXBuildFile; fileRef = C71D917521D3759300EC174D /* England.png */; };
		C71D919621D3759300EC174D /* NorthKorea.png in Resources */ = {isa = PBXBuildFile; fileRef = C71D917621D3759300EC174D /* NorthKorea.png */; };
		C71D919721D3759300EC174D /* Nigeria.png in Resources */ = {isa = PBXBuildFile; fileRef = C71D917721D3759300EC174D /* Nigeria.png */; };
		C71D919821D3759300EC174D /* Slovakia.png in Resources */ = {isa = PBXBuildFile; fileRef = C71D917821D3759300EC174D /* Slovakia.png */; };
		C71D919921D3759300EC174D /* Slovenia.png in Resources */ = {isa = PBXBuildFile; fileRef = C71D917921D3759300EC174D /* Slovenia.png */; };
		C71D919A21D3759300EC174D /* SouthAfrica.png in Resources */ = {isa = PBXBuildFile; fileRef = C71D917A21D3759300EC174D /* SouthAfrica.png */; };
		C71D919B21D3759300EC174D /* Argentina.png in Resources */ = {isa = PBXBuildFile; fileRef = C71D917B21D3759300EC174D /* Argentina.png */; };
		C71D919C21D3759300EC174D /* Mexico.png in Resources */ = {isa = PBXBuildFile; fileRef = C71D917C21D3759300EC174D /* Mexico.png */; };
		C71D919D21D3759300EC174D /* Australia.png in Resources */ = {isa = PBXBuildFile; fileRef = C71D917D21D3759300EC174D /* Australia.png */; };
		C71D919E21D3759300EC174D /* Paraguay.png in Resources */ = {isa = PBXBuildFile; fileRef = C71D917E21D3759300EC174D /* Paraguay.png */; };
		C71D919F21D3759300EC174D /* Portugal.png in Resources */ = {isa = PBXBuildFile; fileRef = C71D917F21D3759300EC174D /* Portugal.png */; };
		C71D91A021D3759300EC174D /* USA.png in Resources */ = {isa = PBXBuildFile; fileRef = C71D918021D3759300EC174D /* USA.png */; };
		C71D91A121D3759300EC174D /* Algeria.png in Resources */ = {isa = PBXBuildFile; fileRef = C71D918121D3759300EC174D /* Algeria.png */; };
		C71D91A221D3759300EC174D /* Serbia.png in Resources */ = {isa = PBXBuildFile; fileRef = C71D918221D3759300EC174D /* Serbia.png */; };
		C71D91A321D3759300EC174D /* France.png in Resources */ = {isa = PBXBuildFile; fileRef = C71D918321D3759300EC174D /* France.png */; };
		C71D91A421D3759300EC174D /* Holland.png in Resources */ = {isa = PBXBuildFile; fileRef = C71D918421D3759300EC174D /* Holland.png */; };
		C71D91A521D3759300EC174D /* Ghana.png in Resources */ = {isa = PBXBuildFile; fileRef = C71D918521D3759300EC174D /* Ghana.png */; };
		C71D91A721D379C100EC174D /* team.plist in Resources */ = {isa = PBXBuildFile; fileRef = C71D91A621D379C100EC174D /* team.plist */; };
/* End PBXBuildFile section */

/* Begin PBXFileReference section */
		C71D910F21D374FF00EC174D /* SUITableView.app */ = {isa = PBXFileReference; explicitFileType = wrapper.application; includeInIndex = 0; path = SUITableView.app; sourceTree = BUILT_PRODUCTS_DIR; };
		C71D911221D374FF00EC174D /* AppDelegate.swift */ = {isa = PBXFileReference; lastKnownFileType = sourcecode.swift; path = AppDelegate.swift; sourceTree = "<group>"; };
		C71D911421D374FF00EC174D /* ViewController.swift */ = {isa = PBXFileReference; lastKnownFileType = sourcecode.swift; path = ViewController.swift; sourceTree = "<group>"; };
		C71D911721D374FF00EC174D /* Base */ = {isa = PBXFileReference; lastKnownFileType = file.storyboard; name = Base; path = Base.lproj/Main.storyboard; sourceTree = "<group>"; };
		C71D911921D3750000EC174D /* Assets.xcassets */ = {isa = PBXFileReference; lastKnownFileType = folder.assetcatalog; path = Assets.xcassets; sourceTree = "<group>"; };
		C71D911C21D3750000EC174D /* Base */ = {isa = PBXFileReference; lastKnownFileType = file.storyboard; name = Base; path = Base.lproj/LaunchScreen.storyboard; sourceTree = "<group>"; };
		C71D911E21D3750000EC174D /* Info.plist */ = {isa = PBXFileReference; lastKnownFileType = text.plist.xml; path = Info.plist; sourceTree = "<group>"; };
		C71D916621D3759300EC174D /* Chile.png */ = {isa = PBXFileReference; lastKnownFileType = image.png; path = Chile.png; sourceTree = "<group>"; };
		C71D916721D3759300EC174D /* Japan.png */ = {isa = PBXFileReference; lastKnownFileType = image.png; path = Japan.png; sourceTree = "<group>"; };
		C71D916821D3759300EC174D /* Brazil.png */ = {isa = PBXFileReference; lastKnownFileType = image.png; path = Brazil.png; sourceTree = "<group>"; };
		C71D916921D3759300EC174D /* Denmark.png */ = {isa = PBXFileReference; lastKnownFileType = image.png; path = Denmark.png; sourceTree = "<group>"; };
		C71D916A21D3759300EC174D /* NewZealand.png */ = {isa = PBXFileReference; lastKnownFileType = image.png; path = NewZealand.png; sourceTree = "<group>"; };
		C71D916B21D3759300EC174D /* Greece.png */ = {isa = PBXFileReference; lastKnownFileType = image.png; path = Greece.png; sourceTree = "<group>"; };
		C71D916C21D3759300EC174D /* Cameroon.png */ = {isa = PBXFileReference; lastKnownFileType = image.png; path = Cameroon.png; sourceTree = "<group>"; };
		C71D916D21D3759300EC174D /* Uruguay.png */ = {isa = PBXFileReference; lastKnownFileType = image.png; path = Uruguay.png; sourceTree = "<group>"; };
		C71D916E21D3759300EC174D /* SouthKorea.png */ = {isa = PBXFileReference; lastKnownFileType = image.png; path = SouthKorea.png; sourceTree = "<group>"; };
		C71D916F21D3759300EC174D /* Italy.png */ = {isa = PBXFileReference; lastKnownFileType = image.png; path = Italy.png; sourceTree = "<group>"; };
		C71D917021D3759300EC174D /* CoteDIvoire.png */ = {isa = PBXFileReference; lastKnownFileType = image.png; path = CoteDIvoire.png; sourceTree = "<group>"; };
		C71D917121D3759300EC174D /* Germany.png */ = {isa = PBXFileReference; lastKnownFileType = image.png; path = Germany.png; sourceTree = "<group>"; };
		C71D917221D3759300EC174D /* Spain.png */ = {isa = PBXFileReference; lastKnownFileType = image.png; path = Spain.png; sourceTree = "<group>"; };
		C71D917321D3759300EC174D /* Honduras.png */ = {isa = PBXFileReference; lastKnownFileType = image.png; path = Honduras.png; sourceTree = "<group>"; };
		C71D917421D3759300EC174D /* Switzerland.png */ = {isa = PBXFileReference; lastKnownFileType = image.png; path = Switzerland.png; sourceTree = "<group>"; };
		C71D917521D3759300EC174D /* England.png */ = {isa = PBXFileReference; lastKnownFileType = image.png; path = England.png; sourceTree = "<group>"; };
		C71D917621D3759300EC174D /* NorthKorea.png */ = {isa = PBXFileReference; lastKnownFileType = image.png; path = NorthKorea.png; sourceTree = "<group>"; };
		C71D917721D3759300EC174D /* Nigeria.png */ = {isa = PBXFileReference; lastKnownFileType = image.png; path = Nigeria.png; sourceTree = "<group>"; };
		C71D917821D3759300EC174D /* Slovakia.png */ = {isa = PBXFileReference; lastKnownFileType = image.png; path = Slovakia.png; sourceTree = "<group>"; };
		C71D917921D3759300EC174D /* Slovenia.png */ = {isa = PBXFileReference; lastKnownFileType = image.png; path = Slovenia.png; sourceTree = "<group>"; };
		C71D917A21D3759300EC174D /* SouthAfrica.png */ = {isa = PBXFileReference; lastKnownFileType = image.png; path = SouthAfrica.png; sourceTree = "<group>"; };
		C71D917B21D3759300EC174D /* Argentina.png */ = {isa = PBXFileReference; lastKnownFileType = image.png; path = Argentina.png; sourceTree = "<group>"; };
		C71D917C21D3759300EC174D /* Mexico.png */ = {isa = PBXFileReference; lastKnownFileType = image.png; path = Mexico.png; sourceTree = "<group>"; };
		C71D917D21D3759300EC174D /* Australia.png */ = {isa = PBXFileReference; lastKnownFileType = image.png; path = Australia.png; sourceTree = "<group>"; };
		C71D917E21D3759300EC174D /* Paraguay.png */ = {isa = PBXFileReference; lastKnownFileType = image.png; path = Paraguay.png; sourceTree = "<group>"; };
		C71D917F21D3759300EC174D /* Portugal.png */ = {isa = PBXFileReference; lastKnownFileType = image.png; path = Portugal.png; sourceTree = "<group>"; };
		C71D918021D3759300EC174D /* USA.png */ = {isa = PBXFileReference; lastKnownFileType = image.png; path = USA.png; sourceTree = "<group>"; };
		C71D918121D3759300EC174D /* Algeria.png */ = {isa = PBXFileReference; lastKnownFileType = image.png; path = Algeria.png; sourceTree = "<group>"; };
		C71D918221D3759300EC174D /* Serbia.png */ = {isa = PBXFileReference; lastKnownFileType = image.png; path = Serbia.png; sourceTree = "<group>"; };
		C71D918321D3759300EC174D /* France.png */ = {isa = PBXFileReference; lastKnownFileType = image.png; path = France.png; sourceTree = "<group>"; };
		C71D918421D3759300EC174D /* Holland.png */ = {isa = PBXFileReference; lastKnownFileType = image.png; path = Holland.png; sourceTree = "<group>"; };
		C71D918521D3759300EC174D /* Ghana.png */ = {isa = PBXFileReference; lastKnownFileType = image.png; path = Ghana.png; sourceTree = "<group>"; };
		C71D91A621D379C100EC174D /* team.plist */ = {isa = PBXFileReference; fileEncoding = 4; lastKnownFileType = text.plist.xml; path = team.plist; sourceTree = "<group>"; };
/* End PBXFileReference section */

/* Begin PBXFrameworksBuildPhase section */
		C71D910C21D374FF00EC174D /* Frameworks */ = {
			isa = PBXFrameworksBuildPhase;
			buildActionMask = 2147483647;
			files = (
			);
			runOnlyForDeploymentPostprocessing = 0;
		};
/* End PBXFrameworksBuildPhase section */

/* Begin PBXGroup section */
		C71D910621D374FF00EC174D = {
			isa = PBXGroup;
			children = (
				C71D911121D374FF00EC174D /* SUITableView */,
				C71D911021D374FF00EC174D /* Products */,
			);
			sourceTree = "<group>";
		};
		C71D911021D374FF00EC174D /* Products */ = {
			isa = PBXGroup;
			children = (
				C71D910F21D374FF00EC174D /* SUITableView.app */,
			);
			name = Products;
			sourceTree = "<group>";
		};
		C71D911121D374FF00EC174D /* SUITableView */ = {
			isa = PBXGroup;
			children = (
				C71D91A621D379C100EC174D /* team.plist */,
				C71D916521D3759300EC174D /* 球队图片 */,
				C71D911221D374FF00EC174D /* AppDelegate.swift */,
				C71D911421D374FF00EC174D /* ViewController.swift */,
				C71D911621D374FF00EC174D /* Main.storyboard */,
				C71D911921D3750000EC174D /* Assets.xcassets */,
				C71D911B21D3750000EC174D /* LaunchScreen.storyboard */,
				C71D911E21D3750000EC174D /* Info.plist */,
			);
			path = SUITableView;
			sourceTree = "<group>";
		};
		C71D916521D3759300EC174D /* 球队图片 */ = {
			isa = PBXGroup;
			children = (
				C71D916621D3759300EC174D /* Chile.png */,
				C71D916721D3759300EC174D /* Japan.png */,
				C71D916821D3759300EC174D /* Brazil.png */,
				C71D916921D3759300EC174D /* Denmark.png */,
				C71D916A21D3759300EC174D /* NewZealand.png */,
				C71D916B21D3759300EC174D /* Greece.png */,
				C71D916C21D3759300EC174D /* Cameroon.png */,
				C71D916D21D3759300EC174D /* Uruguay.png */,
				C71D916E21D3759300EC174D /* SouthKorea.png */,
				C71D916F21D3759300EC174D /* Italy.png */,
				C71D917021D3759300EC174D /* CoteDIvoire.png */,
				C71D917121D3759300EC174D /* Germany.png */,
				C71D917221D3759300EC174D /* Spain.png */,
				C71D917321D3759300EC174D /* Honduras.png */,
				C71D917421D3759300EC174D /* Switzerland.png */,
				C71D917521D3759300EC174D /* England.png */,
				C71D917621D3759300EC174D /* NorthKorea.png */,
				C71D917721D3759300EC174D /* Nigeria.png */,
				C71D917821D3759300EC174D /* Slovakia.png */,
				C71D917921D3759300EC174D /* Slovenia.png */,
				C71D917A21D3759300EC174D /* SouthAfrica.png */,
				C71D917B21D3759300EC174D /* Argentina.png */,
				C71D917C21D3759300EC174D /* Mexico.png */,
				C71D917D21D3759300EC174D /* Australia.png */,
				C71D917E21D3759300EC174D /* Paraguay.png */,
				C71D917F21D3759300EC174D /* Portugal.png */,
				C71D918021D3759300EC174D /* USA.png */,
				C71D918121D3759300EC174D /* Algeria.png */,
				C71D918221D3759300EC174D /* Serbia.png */,
				C71D918321D3759300EC174D /* France.png */,
				C71D918421D3759300EC174D /* Holland.png */,
				C71D918521D3759300EC174D /* Ghana.png */,
			);
			name = "球队图片";
			path = "../../UITableView/UITableView/球队图片";
			sourceTree = "<group>";
		};
/* End PBXGroup section */

/* Begin PBXNativeTarget section */
		C71D910E21D374FF00EC174D /* SUITableView */ = {
			isa = PBXNativeTarget;
			buildConfigurationList = C71D912121D3750000EC174D /* Build configuration list for PBXNativeTarget "SUITableView" */;
			buildPhases = (
				C71D910B21D374FF00EC174D /* Sources */,
				C71D910C21D374FF00EC174D /* Frameworks */,
				C71D910D21D374FF00EC174D /* Resources */,
			);
			buildRules = (
			);
			dependencies = (
			);
			name = SUITableView;
			productName = SUITableView;
			productReference = C71D910F21D374FF00EC174D /* SUITableView.app */;
			productType = "com.apple.product-type.application";
		};
/* End PBXNativeTarget section */

/* Begin PBXProject section */
		C71D910721D374FF00EC174D /* Project object */ = {
			isa = PBXProject;
			attributes = {
				LastSwiftUpdateCheck = 1010;
				LastUpgradeCheck = 1010;
				ORGANIZATIONNAME = MyZiyue.com;
				TargetAttributes = {
					C71D910E21D374FF00EC174D = {
						CreatedOnToolsVersion = 10.1;
					};
				};
			};
			buildConfigurationList = C71D910A21D374FF00EC174D /* Build configuration list for PBXProject "SUITableView" */;
			compatibilityVersion = "Xcode 9.3";
			developmentRegion = en;
			hasScannedForEncodings = 0;
			knownRegions = (
				en,
				Base,
			);
			mainGroup = C71D910621D374FF00EC174D;
			productRefGroup = C71D911021D374FF00EC174D /* Products */;
			projectDirPath = "";
			projectRoot = "";
			targets = (
				C71D910E21D374FF00EC174D /* SUITableView */,
			);
		};
/* End PBXProject section */

/* Begin PBXResourcesBuildPhase section */
		C71D910D21D374FF00EC174D /* Resources */ = {
			isa = PBXResourcesBuildPhase;
			buildActionMask = 2147483647;
			files = (
				C71D918721D3759300EC174D /* Japan.png in Resources */,
				C71D91A121D3759300EC174D /* Algeria.png in Resources */,
				C71D91A421D3759300EC174D /* Holland.png in Resources */,
				C71D919E21D3759300EC174D /* Paraguay.png in Resources */,
				C71D911D21D3750000EC174D /* LaunchScreen.storyboard in Resources */,
				C71D919521D3759300EC174D /* England.png in Resources */,
				C71D919A21D3759300EC174D /* SouthAfrica.png in Resources */,
				C71D919921D3759300EC174D /* Slovenia.png in Resources */,
				C71D918A21D3759300EC174D /* NewZealand.png in Resources */,
				C71D919021D3759300EC174D /* CoteDIvoire.png in Resources */,
				C71D918D21D3759300EC174D /* Uruguay.png in Resources */,
				C71D918F21D3759300EC174D /* Italy.png in Resources */,
				C71D919721D3759300EC174D /* Nigeria.png in Resources */,
				C71D918621D3759300EC174D /* Chile.png in Resources */,
				C71D919B21D3759300EC174D /* Argentina.png in Resources */,
				C71D919221D3759300EC174D /* Spain.png in Resources */,
				C71D918821D3759300EC174D /* Brazil.png in Resources */,
				C71D91A021D3759300EC174D /* USA.png in Resources */,
				C71D919821D3759300EC174D /* Slovakia.png in Resources */,
				C71D91A721D379C100EC174D /* team.plist in Resources */,
				C71D918E21D3759300EC174D /* SouthKorea.png in Resources */,
				C71D91A321D3759300EC174D /* France.png in Resources */,
				C71D91A521D3759300EC174D /* Ghana.png in Resources */,
				C71D91A221D3759300EC174D /* Serbia.png in Resources */,
				C71D919321D3759300EC174D /* Honduras.png in Resources */,
				C71D918C21D3759300EC174D /* Cameroon.png in Resources */,
				C71D911A21D3750000EC174D /* Assets.xcassets in Resources */,
				C71D919421D3759300EC174D /* Switzerland.png in Resources */,
				C71D919C21D3759300EC174D /* Mexico.png in Resources */,
				C71D918921D3759300EC174D /* Denmark.png in Resources */,
				C71D918B21D3759300EC174D /* Greece.png in Resources */,
				C71D911821D374FF00EC174D /* Main.storyboard in Resources */,
				C71D919621D3759300EC174D /* NorthKorea.png in Resources */,
				C71D919121D3759300EC174D /* Germany.png in Resources */,
				C71D919F21D3759300EC174D /* Portugal.png in Resources */,
				C71D919D21D3759300EC174D /* Australia.png in Resources */,
			);
			runOnlyForDeploymentPostprocessing = 0;
		};
/* End PBXResourcesBuildPhase section */

/* Begin PBXSourcesBuildPhase section */
		C71D910B21D374FF00EC174D /* Sources */ = {
			isa = PBXSourcesBuildPhase;
			buildActionMask = 2147483647;
			files = (
				C71D911521D374FF00EC174D /* ViewController.swift in Sources */,
				C71D911321D374FF00EC174D /* AppDelegate.swift in Sources */,
			);
			runOnlyForDeploymentPostprocessing = 0;
		};
/* End PBXSourcesBuildPhase section */

/* Begin PBXVariantGroup section */
		C71D911621D374FF00EC174D /* Main.storyboard */ = {
			isa = PBXVariantGroup;
			children = (
				C71D911721D374FF00EC174D /* Base */,
			);
			name = Main.storyboard;
			sourceTree = "<group>";
		};
		C71D911B21D3750000EC174D /* LaunchScreen.storyboard */ = {
			isa = PBXVariantGroup;
			children = (
				C71D911C21D3750000EC174D /* Base */,
			);
			name = LaunchScreen.storyboard;
			sourceTree = "<group>";
		};
/* End PBXVariantGroup section */

/* Begin XCBuildConfiguration section */
		C71D911F21D3750000EC174D /* Debug */ = {
			isa = XCBuildConfiguration;
			buildSettings = {
				ALWAYS_SEARCH_USER_PATHS = NO;
				CLANG_ANALYZER_NONNULL = YES;
				CLANG_ANALYZER_NUMBER_OBJECT_CONVERSION = YES_AGGRESSIVE;
				CLANG_CXX_LANGUAGE_STANDARD = "gnu++14";
				CLANG_CXX_LIBRARY = "libc++";
				CLANG_ENABLE_MODULES = YES;
				CLANG_ENABLE_OBJC_ARC = YES;
				CLANG_ENABLE_OBJC_WEAK = YES;
				CLANG_WARN_BLOCK_CAPTURE_AUTORELEASING = YES;
				CLANG_WARN_BOOL_CONVERSION = YES;
				CLANG_WARN_COMMA = YES;
				CLANG_WARN_CONSTANT_CONVERSION = YES;
				CLANG_WARN_DEPRECATED_OBJC_IMPLEMENTATIONS = YES;
				CLANG_WARN_DIRECT_OBJC_ISA_USAGE = YES_ERROR;
				CLANG_WARN_DOCUMENTATION_COMMENTS = YES;
				CLANG_WARN_EMPTY_BODY = YES;
				CLANG_WARN_ENUM_CONVERSION = YES;
				CLANG_WARN_INFINITE_RECURSION = YES;
				CLANG_WARN_INT_CONVERSION = YES;
				CLANG_WARN_NON_LITERAL_NULL_CONVERSION = YES;
				CLANG_WARN_OBJC_IMPLICIT_RETAIN_SELF = YES;
				CLANG_WARN_OBJC_LITERAL_CONVERSION = YES;
				CLANG_WARN_OBJC_ROOT_CLASS = YES_ERROR;
				CLANG_WARN_RANGE_LOOP_ANALYSIS = YES;
				CLANG_WARN_STRICT_PROTOTYPES = YES;
				CLANG_WARN_SUSPICIOUS_MOVE = YES;
				CLANG_WARN_UNGUARDED_AVAILABILITY = YES_AGGRESSIVE;
				CLANG_WARN_UNREACHABLE_CODE = YES;
				CLANG_WARN__DUPLICATE_METHOD_MATCH = YES;
				CODE_SIGN_IDENTITY = "iPhone Developer";
				COPY_PHASE_STRIP = NO;
				DEBUG_INFORMATION_FORMAT = dwarf;
				ENABLE_STRICT_OBJC_MSGSEND = YES;
				ENABLE_TESTABILITY = YES;
				GCC_C_LANGUAGE_STANDARD = gnu11;
				GCC_DYNAMIC_NO_PIC = NO;
				GCC_NO_COMMON_BLOCKS = YES;
				GCC_OPTIMIZATION_LEVEL = 0;
				GCC_PREPROCESSOR_DEFINITIONS = (
					"DEBUG=1",
					"$(inherited)",
				);
				GCC_WARN_64_TO_32_BIT_CONVERSION = YES;
				GCC_WARN_ABOUT_RETURN_TYPE = YES_ERROR;
				GCC_WARN_UNDECLARED_SELECTOR = YES;
				GCC_WARN_UNINITIALIZED_AUTOS = YES_AGGRESSIVE;
				GCC_WARN_UNUSED_FUNCTION = YES;
				GCC_WARN_UNUSED_VARIABLE = YES;
				IPHONEOS_DEPLOYMENT_TARGET = 12.1;
				MTL_ENABLE_DEBUG_INFO = INCLUDE_SOURCE;
				MTL_FAST_MATH = YES;
				ONLY_ACTIVE_ARCH = YES;
				SDKROOT = iphoneos;
				SWIFT_ACTIVE_COMPILATION_CONDITIONS = DEBUG;
				SWIFT_OPTIMIZATION_LEVEL = "-Onone";
			};
			name = Debug;
		};
		C71D912021D3750000EC174D /* Release */ = {
			isa = XCBuildConfiguration;
			buildSettings = {
				ALWAYS_SEARCH_USER_PATHS = NO;
				CLANG_ANALYZER_NONNULL = YES;
				CLANG_ANALYZER_NUMBER_OBJECT_CONVERSION = YES_AGGRESSIVE;
				CLANG_CXX_LANGUAGE_STANDARD = "gnu++14";
				CLANG_CXX_LIBRARY = "libc++";
				CLANG_ENABLE_MODULES = YES;
				CLANG_ENABLE_OBJC_ARC = YES;
				CLANG_ENABLE_OBJC_WEAK = YES;
				CLANG_WARN_BLOCK_CAPTURE_AUTORELEASING = YES;
				CLANG_WARN_BOOL_CONVERSION = YES;
				CLANG_WARN_COMMA = YES;
				CLANG_WARN_CONSTANT_CONVERSION = YES;
				CLANG_WARN_DEPRECATED_OBJC_IMPLEMENTATIONS = YES;
				CLANG_WARN_DIRECT_OBJC_ISA_USAGE = YES_ERROR;
				CLANG_WARN_DOCUMENTATION_COMMENTS = YES;
				CLANG_WARN_EMPTY_BODY = YES;
				CLANG_WARN_ENUM_CONVERSION = YES;
				CLANG_WARN_INFINITE_RECURSION = YES;
				CLANG_WARN_INT_CONVERSION = YES;
				CLANG_WARN_NON_LITERAL_NULL_CONVERSION = YES;
				CLANG_WARN_OBJC_IMPLICIT_RETAIN_SELF = YES;
				CLANG_WARN_OBJC_LITERAL_CONVERSION = YES;
				CLANG_WARN_OBJC_ROOT_CLASS = YES_ERROR;
				CLANG_WARN_RANGE_LOOP_ANALYSIS = YES;
				CLANG_WARN_STRICT_PROTOTYPES = YES;
				CLANG_WARN_SUSPICIOUS_MOVE = YES;
				CLANG_WARN_UNGUARDED_AVAILABILITY = YES_AGGRESSIVE;
				CLANG_WARN_UNREACHABLE_CODE = YES;
				CLANG_WARN__DUPLICATE_METHOD_MATCH = YES;
				CODE_SIGN_IDENTITY = "iPhone Developer";
				COPY_PHASE_STRIP = NO;
				DEBUG_INFORMATION_FORMAT = "dwarf-with-dsym";
				ENABLE_NS_ASSERTIONS = NO;
				ENABLE_STRICT_OBJC_MSGSEND = YES;
				GCC_C_LANGUAGE_STANDARD = gnu11;
				GCC_NO_COMMON_BLOCKS = YES;
				GCC_WARN_64_TO_32_BIT_CONVERSION = YES;
				GCC_WARN_ABOUT_RETURN_TYPE = YES_ERROR;
				GCC_WARN_UNDECLARED_SELECTOR = YES;
				GCC_WARN_UNINITIALIZED_AUTOS = YES_AGGRESSIVE;
				GCC_WARN_UNUSED_FUNCTION = YES;
				GCC_WARN_UNUSED_VARIABLE = YES;
				IPHONEOS_DEPLOYMENT_TARGET = 12.1;
				MTL_ENABLE_DEBUG_INFO = NO;
				MTL_FAST_MATH = YES;
				SDKROOT = iphoneos;
				SWIFT_COMPILATION_MODE = wholemodule;
				SWIFT_OPTIMIZATION_LEVEL = "-O";
				VALIDATE_PRODUCT = YES;
			};
			name = Release;
		};
		C71D912221D3750000EC174D /* Debug */ = {
			isa = XCBuildConfiguration;
			buildSettings = {
				ASSETCATALOG_COMPILER_APPICON_NAME = AppIcon;
				CODE_SIGN_STYLE = Automatic;
				DEVELOPMENT_TEAM = 64YUBMYSTC;
				INFOPLIST_FILE = SUITableView/Info.plist;
				LD_RUNPATH_SEARCH_PATHS = (
					"$(inherited)",
					"@executable_path/Frameworks",
				);
				PRODUCT_BUNDLE_IDENTIFIER = com.myziyue.SUITableView;
				PRODUCT_NAME = "$(TARGET_NAME)";
				SWIFT_VERSION = 4.2;
				TARGETED_DEVICE_FAMILY = "1,2";
			};
			name = Debug;
		};
		C71D912321D3750000EC174D /* Release */ = {
			isa = XCBuildConfiguration;
			buildSettings = {
				ASSETCATALOG_COMPILER_APPICON_NAME = AppIcon;
				CODE_SIGN_STYLE = Automatic;
				DEVELOPMENT_TEAM = 64YUBMYSTC;
				INFOPLIST_FILE = SUITableView/Info.plist;
				LD_RUNPATH_SEARCH_PATHS = (
					"$(inherited)",
					"@executable_path/Frameworks",
				);
				PRODUCT_BUNDLE_IDENTIFIER = com.myziyue.SUITableView;
				PRODUCT_NAME = "$(TARGET_NAME)";
				SWIFT_VERSION = 4.2;
				TARGETED_DEVICE_FAMILY = "1,2";
			};
			name = Release;
		};
/* End XCBuildConfiguration section */

/* Begin XCConfigurationList section */
		C71D910A21D374FF00EC174D /* Build configuration list for PBXProject "SUITableView" */ = {
			isa = XCConfigurationList;
			buildConfigurations = (
				C71D911F21D3750000EC174D /* Debug */,
				C71D912021D3750000EC174D /* Release */,
			);
			defaultConfigurationIsVisible = 0;
			defaultConfigurationName = Release;
		};
		C71D912121D3750000EC174D /* Build configuration list for PBXNativeTarget "SUITableView" */ = {
			isa = XCConfigurationList;
			buildConfigurations = (
				C71D912221D3750000EC174D /* Debug */,
				C71D912321D3750000EC174D /* Release */,
			);
			defaultConfigurationIsVisible = 0;
			defaultConfigurationName = Release;
		};
/* End XCConfigurationList section */
	};
	rootObject = C71D910721D374FF00EC174D /* Project object */;
}
