// !$*UTF8*$!
{
	archiveVersion = 1;
	classes = {
	};
	objectVersion = 50;
	objects = {

/* Begin PBXBuildFile section */
		C736AAC221BEBADA005C55AC /* AppDelegate.m in Sources */ = {isa = PBXBuildFile; fileRef = C736AAC121BEBADA005C55AC /* AppDelegate.m */; };
		C736AAC521BEBADA005C55AC /* ViewController.m in Sources */ = {isa = PBXBuildFile; fileRef = C736AAC421BEBADA005C55AC /* ViewController.m */; };
		C736AAC821BEBADA005C55AC /* Main.storyboard in Resources */ = {isa = PBXBuildFile; fileRef = C736AAC621BEBADA005C55AC /* Main.storyboard */; };
		C736AACA21BEBADB005C55AC /* Assets.xcassets in Resources */ = {isa = PBXBuildFile; fileRef = C736AAC921BEBADB005C55AC /* Assets.xcassets */; };
		C736AACD21BEBADB005C55AC /* LaunchScreen.storyboard in Resources */ = {isa = PBXBuildFile; fileRef = C736AACB21BEBADB005C55AC /* LaunchScreen.storyboard */; };
		C736AAD021BEBADB005C55AC /* main.m in Sources */ = {isa = PBXBuildFile; fileRef = C736AACF21BEBADB005C55AC /* main.m */; };
/* End PBXBuildFile section */

/* Begin PBXFileReference section */
		C736AABD21BEBADA005C55AC /* LabelButton.app */ = {isa = PBXFileReference; explicitFileType = wrapper.application; includeInIndex = 0; path = LabelButton.app; sourceTree = BUILT_PRODUCTS_DIR; };
		C736AAC021BEBADA005C55AC /* AppDelegate.h */ = {isa = PBXFileReference; lastKnownFileType = sourcecode.c.h; path = AppDelegate.h; sourceTree = "<group>"; };
		C736AAC121BEBADA005C55AC /* AppDelegate.m */ = {isa = PBXFileReference; lastKnownFileType = sourcecode.c.objc; path = AppDelegate.m; sourceTree = "<group>"; };
		C736AAC321BEBADA005C55AC /* ViewController.h */ = {isa = PBXFileReference; lastKnownFileType = sourcecode.c.h; path = ViewController.h; sourceTree = "<group>"; };
		C736AAC421BEBADA005C55AC /* ViewController.m */ = {isa = PBXFileReference; lastKnownFileType = sourcecode.c.objc; path = ViewController.m; sourceTree = "<group>"; };
		C736AAC721BEBADA005C55AC /* Base */ = {isa = PBXFileReference; lastKnownFileType = file.storyboard; name = Base; path = Base.lproj/Main.storyboard; sourceTree = "<group>"; };
		C736AAC921BEBADB005C55AC /* Assets.xcassets */ = {isa = PBXFileReference; lastKnownFileType = folder.assetcatalog; path = Assets.xcassets; sourceTree = "<group>"; };
		C736AACC21BEBADB005C55AC /* Base */ = {isa = PBXFileReference; lastKnownFileType = file.storyboard; name = Base; path = Base.lproj/LaunchScreen.storyboard; sourceTree = "<group>"; };
		C736AACE21BEBADB005C55AC /* Info.plist */ = {isa = PBXFileReference; lastKnownFileType = text.plist.xml; path = Info.plist; sourceTree = "<group>"; };
		C736AACF21BEBADB005C55AC /* main.m */ = {isa = PBXFileReference; lastKnownFileType = sourcecode.c.objc; path = main.m; sourceTree = "<group>"; };
/* End PBXFileReference section */

/* Begin PBXFrameworksBuildPhase section */
		C736AABA21BEBADA005C55AC /* Frameworks */ = {
			isa = PBXFrameworksBuildPhase;
			buildActionMask = 2147483647;
			files = (
			);
			runOnlyForDeploymentPostprocessing = 0;
		};
/* End PBXFrameworksBuildPhase section */

/* Begin PBXGroup section */
		C736AAB421BEBADA005C55AC = {
			isa = PBXGroup;
			children = (
				C736AABF21BEBADA005C55AC /* LabelButton */,
				C736AABE21BEBADA005C55AC /* Products */,
			);
			sourceTree = "<group>";
		};
		C736AABE21BEBADA005C55AC /* Products */ = {
			isa = PBXGroup;
			children = (
				C736AABD21BEBADA005C55AC /* LabelButton.app */,
			);
			name = Products;
			sourceTree = "<group>";
		};
		C736AABF21BEBADA005C55AC /* LabelButton */ = {
			isa = PBXGroup;
			children = (
				C736AAC021BEBADA005C55AC /* AppDelegate.h */,
				C736AAC121BEBADA005C55AC /* AppDelegate.m */,
				C736AAC321BEBADA005C55AC /* ViewController.h */,
				C736AAC421BEBADA005C55AC /* ViewController.m */,
				C736AAC621BEBADA005C55AC /* Main.storyboard */,
				C736AAC921BEBADB005C55AC /* Assets.xcassets */,
				C736AACB21BEBADB005C55AC /* LaunchScreen.storyboard */,
				C736AACE21BEBADB005C55AC /* Info.plist */,
				C736AACF21BEBADB005C55AC /* main.m */,
			);
			path = LabelButton;
			sourceTree = "<group>";
		};
/* End PBXGroup section */

/* Begin PBXNativeTarget section */
		C736AABC21BEBADA005C55AC /* LabelButton */ = {
			isa = PBXNativeTarget;
			buildConfigurationList = C736AAD321BEBADB005C55AC /* Build configuration list for PBXNativeTarget "LabelButton" */;
			buildPhases = (
				C736AAB921BEBADA005C55AC /* Sources */,
				C736AABA21BEBADA005C55AC /* Frameworks */,
				C736AABB21BEBADA005C55AC /* Resources */,
			);
			buildRules = (
			);
			dependencies = (
			);
			name = LabelButton;
			productName = LabelButton;
			productReference = C736AABD21BEBADA005C55AC /* LabelButton.app */;
			productType = "com.apple.product-type.application";
		};
/* End PBXNativeTarget section */

/* Begin PBXProject section */
		C736AAB521BEBADA005C55AC /* Project object */ = {
			isa = PBXProject;
			attributes = {
				LastUpgradeCheck = 1010;
				ORGANIZATIONNAME = MyZiyue.com;
				TargetAttributes = {
					C736AABC21BEBADA005C55AC = {
						CreatedOnToolsVersion = 10.1;
					};
				};
			};
			buildConfigurationList = C736AAB821BEBADA005C55AC /* Build configuration list for PBXProject "LabelButton" */;
			compatibilityVersion = "Xcode 9.3";
			developmentRegion = en;
			hasScannedForEncodings = 0;
			knownRegions = (
				en,
				Base,
			);
			mainGroup = C736AAB421BEBADA005C55AC;
			productRefGroup = C736AABE21BEBADA005C55AC /* Products */;
			projectDirPath = "";
			projectRoot = "";
			targets = (
				C736AABC21BEBADA005C55AC /* LabelButton */,
			);
		};
/* End PBXProject section */

/* Begin PBXResourcesBuildPhase section */
		C736AABB21BEBADA005C55AC /* Resources */ = {
			isa = PBXResourcesBuildPhase;
			buildActionMask = 2147483647;
			files = (
				C736AACD21BEBADB005C55AC /* LaunchScreen.storyboard in Resources */,
				C736AACA21BEBADB005C55AC /* Assets.xcassets in Resources */,
				C736AAC821BEBADA005C55AC /* Main.storyboard in Resources */,
			);
			runOnlyForDeploymentPostprocessing = 0;
		};
/* End PBXResourcesBuildPhase section */

/* Begin PBXSourcesBuildPhase section */
		C736AAB921BEBADA005C55AC /* Sources */ = {
			isa = PBXSourcesBuildPhase;
			buildActionMask = 2147483647;
			files = (
				C736AAC521BEBADA005C55AC /* ViewController.m in Sources */,
				C736AAD021BEBADB005C55AC /* main.m in Sources */,
				C736AAC221BEBADA005C55AC /* AppDelegate.m in Sources */,
			);
			runOnlyForDeploymentPostprocessing = 0;
		};
/* End PBXSourcesBuildPhase section */

/* Begin PBXVariantGroup section */
		C736AAC621BEBADA005C55AC /* Main.storyboard */ = {
			isa = PBXVariantGroup;
			children = (
				C736AAC721BEBADA005C55AC /* Base */,
			);
			name = Main.storyboard;
			sourceTree = "<group>";
		};
		C736AACB21BEBADB005C55AC /* LaunchScreen.storyboard */ = {
			isa = PBXVariantGroup;
			children = (
				C736AACC21BEBADB005C55AC /* Base */,
			);
			name = LaunchScreen.storyboard;
			sourceTree = "<group>";
		};
/* End PBXVariantGroup section */

/* Begin XCBuildConfiguration section */
		C736AAD121BEBADB005C55AC /* Debug */ = {
			isa = XCBuildConfiguration;
			buildSettings = {
				ALWAYS_SEARCH_USER_PATHS = NO;
				CLANG_ANALYZER_NONNULL = YES;
				CLANG_ANALYZER_NUMBER_OBJECT_CONVERSION = YES_AGGRESSIVE;
				CLANG_CXX_LANGUAGE_STANDARD = "gnu++14";
				CLANG_CXX_LIBRARY = "libc++";
				CLANG_ENABLE_MODULES = YES;
				CLANG_ENABLE_OBJC_ARC = YES;
				CLANG_ENABLE_OBJC_WEAK = YES;
				CLANG_WARN_BLOCK_CAPTURE_AUTORELEASING = YES;
				CLANG_WARN_BOOL_CONVERSION = YES;
				CLANG_WARN_COMMA = YES;
				CLANG_WARN_CONSTANT_CONVERSION = YES;
				CLANG_WARN_DEPRECATED_OBJC_IMPLEMENTATIONS = YES;
				CLANG_WARN_DIRECT_OBJC_ISA_USAGE = YES_ERROR;
				CLANG_WARN_DOCUMENTATION_COMMENTS = YES;
				CLANG_WARN_EMPTY_BODY = YES;
				CLANG_WARN_ENUM_CONVERSION = YES;
				CLANG_WARN_INFINITE_RECURSION = YES;
				CLANG_WARN_INT_CONVERSION = YES;
				CLANG_WARN_NON_LITERAL_NULL_CONVERSION = YES;
				CLANG_WARN_OBJC_IMPLICIT_RETAIN_SELF = YES;
				CLANG_WARN_OBJC_LITERAL_CONVERSION = YES;
				CLANG_WARN_OBJC_ROOT_CLASS = YES_ERROR;
				CLANG_WARN_RANGE_LOOP_ANALYSIS = YES;
				CLANG_WARN_STRICT_PROTOTYPES = YES;
				CLANG_WARN_SUSPICIOUS_MOVE = YES;
				CLANG_WARN_UNGUARDED_AVAILABILITY = YES_AGGRESSIVE;
				CLANG_WARN_UNREACHABLE_CODE = YES;
				CLANG_WARN__DUPLICATE_METHOD_MATCH = YES;
				CODE_SIGN_IDENTITY = "iPhone Developer";
				COPY_PHASE_STRIP = NO;
				DEBUG_INFORMATION_FORMAT = dwarf;
				ENABLE_STRICT_OBJC_MSGSEND = YES;
				ENABLE_TESTABILITY = YES;
				GCC_C_LANGUAGE_STANDARD = gnu11;
				GCC_DYNAMIC_NO_PIC = NO;
				GCC_NO_COMMON_BLOCKS = YES;
				GCC_OPTIMIZATION_LEVEL = 0;
				GCC_PREPROCESSOR_DEFINITIONS = (
					"DEBUG=1",
					"$(inherited)",
				);
				GCC_WARN_64_TO_32_BIT_CONVERSION = YES;
				GCC_WARN_ABOUT_RETURN_TYPE = YES_ERROR;
				GCC_WARN_UNDECLARED_SELECTOR = YES;
				GCC_WARN_UNINITIALIZED_AUTOS = YES_AGGRESSIVE;
				GCC_WARN_UNUSED_FUNCTION = YES;
				GCC_WARN_UNUSED_VARIABLE = YES;
				IPHONEOS_DEPLOYMENT_TARGET = 12.1;
				MTL_ENABLE_DEBUG_INFO = INCLUDE_SOURCE;
				MTL_FAST_MATH = YES;
				ONLY_ACTIVE_ARCH = YES;
				SDKROOT = iphoneos;
			};
			name = Debug;
		};
		C736AAD221BEBADB005C55AC /* Release */ = {
			isa = XCBuildConfiguration;
			buildSettings = {
				ALWAYS_SEARCH_USER_PATHS = NO;
				CLANG_ANALYZER_NONNULL = YES;
				CLANG_ANALYZER_NUMBER_OBJECT_CONVERSION = YES_AGGRESSIVE;
				CLANG_CXX_LANGUAGE_STANDARD = "gnu++14";
				CLANG_CXX_LIBRARY = "libc++";
				CLANG_ENABLE_MODULES = YES;
				CLANG_ENABLE_OBJC_ARC = YES;
				CLANG_ENABLE_OBJC_WEAK = YES;
				CLANG_WARN_BLOCK_CAPTURE_AUTORELEASING = YES;
				CLANG_WARN_BOOL_CONVERSION = YES;
				CLANG_WARN_COMMA = YES;
				CLANG_WARN_CONSTANT_CONVERSION = YES;
				CLANG_WARN_DEPRECATED_OBJC_IMPLEMENTATIONS = YES;
				CLANG_WARN_DIRECT_OBJC_ISA_USAGE = YES_ERROR;
				CLANG_WARN_DOCUMENTATION_COMMENTS = YES;
				CLANG_WARN_EMPTY_BODY = YES;
				CLANG_WARN_ENUM_CONVERSION = YES;
				CLANG_WARN_INFINITE_RECURSION = YES;
				CLANG_WARN_INT_CONVERSION = YES;
				CLANG_WARN_NON_LITERAL_NULL_CONVERSION = YES;
				CLANG_WARN_OBJC_IMPLICIT_RETAIN_SELF = YES;
				CLANG_WARN_OBJC_LITERAL_CONVERSION = YES;
				CLANG_WARN_OBJC_ROOT_CLASS = YES_ERROR;
				CLANG_WARN_RANGE_LOOP_ANALYSIS = YES;
				CLANG_WARN_STRICT_PROTOTYPES = YES;
				CLANG_WARN_SUSPICIOUS_MOVE = YES;
				CLANG_WARN_UNGUARDED_AVAILABILITY = YES_AGGRESSIVE;
				CLANG_WARN_UNREACHABLE_CODE = YES;
				CLANG_WARN__DUPLICATE_METHOD_MATCH = YES;
				CODE_SIGN_IDENTITY = "iPhone Developer";
				COPY_PHASE_STRIP = NO;
				DEBUG_INFORMATION_FORMAT = "dwarf-with-dsym";
				ENABLE_NS_ASSERTIONS = NO;
				ENABLE_STRICT_OBJC_MSGSEND = YES;
				GCC_C_LANGUAGE_STANDARD = gnu11;
				GCC_NO_COMMON_BLOCKS = YES;
				GCC_WARN_64_TO_32_BIT_CONVERSION = YES;
				GCC_WARN_ABOUT_RETURN_TYPE = YES_ERROR;
				GCC_WARN_UNDECLARED_SELECTOR = YES;
				GCC_WARN_UNINITIALIZED_AUTOS = YES_AGGRESSIVE;
				GCC_WARN_UNUSED_FUNCTION = YES;
				GCC_WARN_UNUSED_VARIABLE = YES;
				IPHONEOS_DEPLOYMENT_TARGET = 12.1;
				MTL_ENABLE_DEBUG_INFO = NO;
				MTL_FAST_MATH = YES;
				SDKROOT = iphoneos;
				VALIDATE_PRODUCT = YES;
			};
			name = Release;
		};
		C736AAD421BEBADB005C55AC /* Debug */ = {
			isa = XCBuildConfiguration;
			buildSettings = {
				ASSETCATALOG_COMPILER_APPICON_NAME = AppIcon;
				CODE_SIGN_STYLE = Automatic;
				DEVELOPMENT_TEAM = 64YUBMYSTC;
				INFOPLIST_FILE = LabelButton/Info.plist;
				LD_RUNPATH_SEARCH_PATHS = (
					"$(inherited)",
					"@executable_path/Frameworks",
				);
				PRODUCT_BUNDLE_IDENTIFIER = com.myziyue.LabelButton;
				PRODUCT_NAME = "$(TARGET_NAME)";
				TARGETED_DEVICE_FAMILY = "1,2";
			};
			name = Debug;
		};
		C736AAD521BEBADB005C55AC /* Release */ = {
			isa = XCBuildConfiguration;
			buildSettings = {
				ASSETCATALOG_COMPILER_APPICON_NAME = AppIcon;
				CODE_SIGN_STYLE = Automatic;
				DEVELOPMENT_TEAM = 64YUBMYSTC;
				INFOPLIST_FILE = LabelButton/Info.plist;
				LD_RUNPATH_SEARCH_PATHS = (
					"$(inherited)",
					"@executable_path/Frameworks",
				);
				PRODUCT_BUNDLE_IDENTIFIER = com.myziyue.LabelButton;
				PRODUCT_NAME = "$(TARGET_NAME)";
				TARGETED_DEVICE_FAMILY = "1,2";
			};
			name = Release;
		};
/* End XCBuildConfiguration section */

/* Begin XCConfigurationList section */
		C736AAB821BEBADA005C55AC /* Build configuration list for PBXProject "LabelButton" */ = {
			isa = XCConfigurationList;
			buildConfigurations = (
				C736AAD121BEBADB005C55AC /* Debug */,
				C736AAD221BEBADB005C55AC /* Release */,
			);
			defaultConfigurationIsVisible = 0;
			defaultConfigurationName = Release;
		};
		C736AAD321BEBADB005C55AC /* Build configuration list for PBXNativeTarget "LabelButton" */ = {
			isa = XCConfigurationList;
			buildConfigurations = (
				C736AAD421BEBADB005C55AC /* Debug */,
				C736AAD521BEBADB005C55AC /* Release */,
			);
			defaultConfigurationIsVisible = 0;
			defaultConfigurationName = Release;
		};
/* End XCConfigurationList section */
	};
	rootObject = C736AAB521BEBADA005C55AC /* Project object */;
}
